
Microsoft Visual Studio Solution File, Format Version 12.00
# Visual Studio Version 17
VisualStudioVersion = 17.0.31903.59
MinimumVisualStudioVersion = 10.0.40219.1
Project("{FAE04EC0-301F-11D3-BF4B-00C04F79EFBC}") = "WindowsFormsApp3", "WindowsFormsApp3\WindowsFormsApp3.csproj", "{F62E5986-4CBA-4098-A69D-EA87F3162E10}"
EndProject
Global
	GlobalSection(SolutionConfigurationPlatforms) = preSolution
		Debug|Any CPU = Debug|Any CPU
		Release|Any CPU = Release|Any CPU
	EndGlobalSection
	GlobalSection(ProjectConfigurationPlatforms) = postSolution
		{F62E5986-4CBA-4098-A69D-EA87F3162E10}.Debug|Any CPU.ActiveCfg = Debug|Any CPU
		{F62E5986-4CBA-4098-A69D-EA87F3162E10}.Debug|Any CPU.Build.0 = Debug|Any CPU
		{F62E5986-4CBA-4098-A69D-EA87F3162E10}.Release|Any CPU.ActiveCfg = Release|Any CPU
		{F62E5986-4CBA-4098-A69D-EA87F3162E10}.Release|Any CPU.Build.0 = Release|Any CPU
	EndGlobalSection
	GlobalSection(SolutionProperties) = preSolution
		HideSolutionNode = FALSE
	EndGlobalSection
	GlobalSection(ExtensibilityGlobals) = postSolution
		SolutionGuid = {68A75ACF-3510-4DC9-A11D-AB4AC604CE4D}
	EndGlobalSection
EndGlobal
